
Microsoft Visual Studio Solution File, Format Version 12.00
# Visual Studio Version 17
VisualStudioVersion = 17.14.36414.22 d17.14
MinimumVisualStudioVersion = 10.0.40219.1
Project("{FAE04EC0-301F-11D3-BF4B-00C04F79EFBC}") = "Cod5Vid13", "Cod5Vid13\Cod5Vid13.csproj", "{305BB237-60BA-4578-A7E3-C35E1D8F43F8}"
EndProject
Global
	GlobalSection(SolutionConfigurationPlatforms) = preSolution
		Debug|Any CPU = Debug|Any CPU
		Release|Any CPU = Release|Any CPU
	EndGlobalSection
	GlobalSection(ProjectConfigurationPlatforms) = postSolution
		{305BB237-60BA-4578-A7E3-C35E1D8F43F8}.Debug|Any CPU.ActiveCfg = Debug|Any CPU
		{305BB237-60BA-4578-A7E3-C35E1D8F43F8}.Debug|Any CPU.Build.0 = Debug|Any CPU
		{305BB237-60BA-4578-A7E3-C35E1D8F43F8}.Release|Any CPU.ActiveCfg = Release|Any CPU
		{305BB237-60BA-4578-A7E3-C35E1D8F43F8}.Release|Any CPU.Build.0 = Release|Any CPU
	EndGlobalSection
	GlobalSection(SolutionProperties) = preSolution
		HideSolutionNode = FALSE
	EndGlobalSection
	GlobalSection(ExtensibilityGlobals) = postSolution
		SolutionGuid = {FC7734C2-622D-4E78-B1DD-27C68DE69A40}
	EndGlobalSection
EndGlobal
