
Microsoft Visual Studio Solution File, Format Version 12.00
# Visual Studio Version 17
VisualStudioVersion = 17.14.36414.22 d17.14
MinimumVisualStudioVersion = 10.0.40219.1
Project("{FAE04EC0-301F-11D3-BF4B-00C04F79EFBC}") = "CodPoo_Vid1", "CodPoo_Vid1\CodPoo_Vid1.csproj", "{FD4DB2FE-3FA2-4E28-9297-CC1CCB76FC50}"
EndProject
Global
	GlobalSection(SolutionConfigurationPlatforms) = preSolution
		Debug|Any CPU = Debug|Any CPU
		Release|Any CPU = Release|Any CPU
	EndGlobalSection
	GlobalSection(ProjectConfigurationPlatforms) = postSolution
		{FD4DB2FE-3FA2-4E28-9297-CC1CCB76FC50}.Debug|Any CPU.ActiveCfg = Debug|Any CPU
		{FD4DB2FE-3FA2-4E28-9297-CC1CCB76FC50}.Debug|Any CPU.Build.0 = Debug|Any CPU
		{FD4DB2FE-3FA2-4E28-9297-CC1CCB76FC50}.Release|Any CPU.ActiveCfg = Release|Any CPU
		{FD4DB2FE-3FA2-4E28-9297-CC1CCB76FC50}.Release|Any CPU.Build.0 = Release|Any CPU
	EndGlobalSection
	GlobalSection(SolutionProperties) = preSolution
		HideSolutionNode = FALSE
	EndGlobalSection
	GlobalSection(ExtensibilityGlobals) = postSolution
		SolutionGuid = {C94FC877-6553-43E0-A683-04370758AB86}
	EndGlobalSection
EndGlobal
